# Editable install with no version control (android-autorelab==0.1.0)
-e .
GitPython==3.1.46
Jinja2==3.1.6
MarkupSafe==3.0.3
PyYAML==6.0.2
Pygments==2.19.2
angr==9.2.205
annotated-types==0.7.0
anyio==4.12.1
archinfo==9.2.205
arpy==1.1.1
bitarray==3.8.0
bitstring==4.4.0
cachetools==7.0.5
capstone==5.0.6
cart==1.2.3
cffi==2.0.0
claripy==9.2.205
cle==9.2.205
click==8.3.1
cxxheaderparser==1.7.0
fastapi==0.115.11
future==1.0.0
gitdb==4.0.12
h11==0.16.0
idna==3.11
iniconfig==2.3.0
lmdb==1.8.1
markdown-it-py==4.0.0
mdurl==0.1.2
minidump==0.0.24
mpmath==1.3.0
msgspec==0.20.0
mulpyplexer==0.9
networkx==3.6.1
packaging==26.0
pefile==2024.8.26
pluggy==1.6.0
protobuf==7.34.0
psutil==7.2.2
pycparser==3.0
pycryptodome==3.23.0
pydantic==2.11.1
pydantic_core==2.33.0
pydemumble==0.0.1
pyelftools==0.32
pypcode==3.3.3
pytest==8.3.5
pyvex==9.2.205
pyxbe==1.0.3
pyxdia==0.1.0
rich==14.3.3
setuptools==82.0.1
smmap==5.0.3
sortedcontainers==2.4.0
starlette==0.46.2
sympy==1.14.0
tibs==0.5.7
typing-inspection==0.4.2
typing_extensions==4.15.0
uefi-firmware==1.11
uvicorn==0.34.0
wheel==0.46.3
z3-solver==4.13.0.0
